
Microsoft Visual Studio Solution File, Format Version 12.00
# Visual Studio 14
VisualStudioVersion = 14.0.25420.1
MinimumVisualStudioVersion = 10.0.40219.1
Project("{2150E333-8FDC-42A3-9474-1A3956D46DE8}") = "src", "src", "{1699A100-FFF2-42C9-AEC7-3EDFECF44674}"
EndProject
Project("{2150E333-8FDC-42A3-9474-1A3956D46DE8}") = "Solution Items", "Solution Items", "{16606D9C-22E7-49E1-9B72-D1962F6D2D30}"
	ProjectSection(SolutionItems) = preProject
		global.json = global.json
	EndProjectSection
EndProject
Project("{8BB2217D-0F2D-49D1-97BC-3654ED321F3B}") = "WcaDbApi", "src\WcaDbApi\WcaDbApi.xproj", "{D97526F5-82D4-4445-9056-875506ADC86B}"
EndProject
Project("{8BB2217D-0F2D-49D1-97BC-3654ED321F3B}") = "WcaApiWebJob", "src\WcaApiWebJob\WcaApiWebJob.xproj", "{50E769C3-3814-4DF8-9C93-AB2B7752735E}"
EndProject
Global
	GlobalSection(SolutionConfigurationPlatforms) = preSolution
		Debug|Any CPU = Debug|Any CPU
		Release|Any CPU = Release|Any CPU
	EndGlobalSection
	GlobalSection(ProjectConfigurationPlatforms) = postSolution
		{D97526F5-82D4-4445-9056-875506ADC86B}.Debug|Any CPU.ActiveCfg = Debug|Any CPU
		{D97526F5-82D4-4445-9056-875506ADC86B}.Debug|Any CPU.Build.0 = Debug|Any CPU
		{D97526F5-82D4-4445-9056-875506ADC86B}.Release|Any CPU.ActiveCfg = Release|Any CPU
		{D97526F5-82D4-4445-9056-875506ADC86B}.Release|Any CPU.Build.0 = Release|Any CPU
		{50E769C3-3814-4DF8-9C93-AB2B7752735E}.Debug|Any CPU.ActiveCfg = Debug|Any CPU
		{50E769C3-3814-4DF8-9C93-AB2B7752735E}.Debug|Any CPU.Build.0 = Debug|Any CPU
		{50E769C3-3814-4DF8-9C93-AB2B7752735E}.Release|Any CPU.ActiveCfg = Release|Any CPU
		{50E769C3-3814-4DF8-9C93-AB2B7752735E}.Release|Any CPU.Build.0 = Release|Any CPU
	EndGlobalSection
	GlobalSection(SolutionProperties) = preSolution
		HideSolutionNode = FALSE
	EndGlobalSection
	GlobalSection(NestedProjects) = preSolution
		{D97526F5-82D4-4445-9056-875506ADC86B} = {1699A100-FFF2-42C9-AEC7-3EDFECF44674}
		{50E769C3-3814-4DF8-9C93-AB2B7752735E} = {1699A100-FFF2-42C9-AEC7-3EDFECF44674}
	EndGlobalSection
EndGlobal
